
Microsoft Visual Studio Solution File, Format Version 12.00
# Visual Studio Version 17
VisualStudioVersion = 17.4.33213.308
MinimumVisualStudioVersion = 10.0.40219.1
Project("{FAE04EC0-301F-11D3-BF4B-00C04F79EFBC}") = "LinkMeAPI", "LinkMeAPI\LinkMeAPI.csproj", "{A8B476BF-BAA3-476D-B7BC-D65F9646464D}"
EndProject
Global
	GlobalSection(SolutionConfigurationPlatforms) = preSolution
		Debug|Any CPU = Debug|Any CPU
		Release|Any CPU = Release|Any CPU
	EndGlobalSection
	GlobalSection(ProjectConfigurationPlatforms) = postSolution
		{A8B476BF-BAA3-476D-B7BC-D65F9646464D}.Debug|Any CPU.ActiveCfg = Debug|Any CPU
		{A8B476BF-BAA3-476D-B7BC-D65F9646464D}.Debug|Any CPU.Build.0 = Debug|Any CPU
		{A8B476BF-BAA3-476D-B7BC-D65F9646464D}.Release|Any CPU.ActiveCfg = Release|Any CPU
		{A8B476BF-BAA3-476D-B7BC-D65F9646464D}.Release|Any CPU.Build.0 = Release|Any CPU
	EndGlobalSection
	GlobalSection(SolutionProperties) = preSolution
		HideSolutionNode = FALSE
	EndGlobalSection
	GlobalSection(ExtensibilityGlobals) = postSolution
		SolutionGuid = {2D82A649-5987-4216-A689-1C68A6EEAC46}
	EndGlobalSection
EndGlobal
